{
  "name": "agarcity",
  "version": "1.0.0",
  "lockfileVersion": 3,
  "requires": true,
  "packages": {
    "": {
      "name": "agarcity",
      "version": "1.0.0",
      "dependencies": {
        "better-sqlite3": "^9.4.3",
        "express": "^4.18.2",
        "socket.io": "^4.6.1",
        "uuid": "^9.0.0"
      }
    }